# THIS IS AN AUTOGENERATED FILE. DO NOT EDIT THIS FILE DIRECTLY.
# yarn lockfile v1


"@iota/bundle-validator@^1.0.0-beta.21":
  version "1.0.0-beta.21"
  resolved "https://registry.yarnpkg.com/@iota/bundle-validator/-/bundle-validator-1.0.0-beta.21.tgz#3e55ff92446c3337c32bb693b7b694f08a3dc6f6"
  integrity sha512-MB/AwpXncNtT63BJiMu3kXzG5vObv1eF8LTI8AeWc0Wpx96tymPz9jz+4pPK6ku9gEULnqpxvK7eAvg48MFHlg==
  dependencies:
    "@iota/converter" "^1.0.0-beta.21"
    "@iota/kerl" "^1.0.0-beta.21"
    "@iota/signing" "^1.0.0-beta.21"
    "@iota/transaction" "^1.0.0-beta.21"
    "@iota/transaction-converter" "^1.0.0-beta.21"

"@iota/bundle@^1.0.0-beta.21":
  version "1.0.0-beta.21"
  resolved "https://registry.yarnpkg.com/@iota/bundle/-/bundle-1.0.0-beta.21.tgz#41d6b410b5dd987a58409fcf6078ac323cc9bf57"
  integrity sha512-3P5xGXDiB/1U59Fl5Mm+tM9lEll43cdgChp7ry/Wca0igfRW20UOpkla+f/ppnbnGeNQkDV7bdvhFxmr2OjuBQ==
  dependencies:
    "@iota/converter" "^1.0.0-beta.21"
    "@iota/kerl" "^1.0.0-beta.21"
    "@iota/signing" "^1.0.0-beta.21"
    "@iota/transaction" "^1.0.0-beta.21"
    "@types/warning" "^3.0.0"
    warning "^4.0.3"

"@iota/checksum@^1.0.0-beta.21":
  version "1.0.0-beta.21"
  resolved "https://registry.yarnpkg.com/@iota/checksum/-/checksum-1.0.0-beta.21.tgz#7ba1fba95affa73a3a44ac9455a22b59961762f5"
  integrity sha512-v5JUJrta3DQxCj246mgg80QZZvw1p457t4WM9Do8zObiyKRaF6gXTasNW9L8LPXcCiXBGSUQchyvvQ0x28tPow==
  dependencies:
    "@iota/converter" "^1.0.0-beta.21"
    "@iota/kerl" "^1.0.0-beta.21"

"@iota/converter@^1.0.0-beta.12", "@iota/converter@^1.0.0-beta.21":
  version "1.0.0-beta.21"
  resolved "https://registry.yarnpkg.com/@iota/converter/-/converter-1.0.0-beta.21.tgz#ea94bb738cf1df753530e60a2089ee187622fae2"
  integrity sha512-voiOZyaCCCTQ0rAwkwkuMAhuz4yLanPVd1nmZe0Jh1OeksQWZzlnJL7QQcBP4k4LZvRKw0sb1FyIKIsDJfdyig==
  dependencies:
    core-js "^3.1.4"

"@iota/core@^1.0.0-beta.12":
  version "1.0.0-beta.21"
  resolved "https://registry.yarnpkg.com/@iota/core/-/core-1.0.0-beta.21.tgz#18c6ab679ba3bcc8a93435debcc1cdba27fcf1fb"
  integrity sha512-3RS6Sf4w3qbo+F6BeiLCEJ/LIC+CVw7cJePdUPTqdu1VezPOXwdxk5UWP7rYd1uei7vGYAJ9GWh2UJbrqNYsqA==
  dependencies:
    "@iota/bundle" "^1.0.0-beta.21"
    "@iota/bundle-validator" "^1.0.0-beta.21"
    "@iota/checksum" "^1.0.0-beta.21"
    "@iota/converter" "^1.0.0-beta.21"
    "@iota/curl" "^1.0.0-beta.19"
    "@iota/http-client" "^1.0.0-beta.21"
    "@iota/kerl" "^1.0.0-beta.21"
    "@iota/pad" "^1.0.0-beta.19"
    "@iota/signing" "^1.0.0-beta.21"
    "@iota/transaction" "^1.0.0-beta.21"
    "@iota/transaction-converter" "^1.0.0-beta.21"
    bluebird "^3.5.5"

"@iota/curl@^1.0.0-beta.12", "@iota/curl@^1.0.0-beta.19":
  version "1.0.0-beta.19"
  resolved "https://registry.yarnpkg.com/@iota/curl/-/curl-1.0.0-beta.19.tgz#7c30bec4c7225eaf1a691802251c9199177a54a8"
  integrity sha512-bUr6VW8lP1XYhAkzUacc8U28qO2Ibdl6R5CSF7N34GgjO2sEkn4DnlzL1VU8cCv+8rfBlZ9qIvYGzklic49JJw==

"@iota/http-client@^1.0.0-beta.21":
  version "1.0.0-beta.21"
  resolved "https://registry.yarnpkg.com/@iota/http-client/-/http-client-1.0.0-beta.21.tgz#0a0fc5962b16818e872abad8af060bf8ee5b342d"
  integrity sha512-5T0qQNrEYjU9IZuiBbmdsF7MeAgu0WXO5KRufKIZyk+sfzZ3PETZJgq5BrHOBFAzgdakmMOGVS73OPrkvKGmyA==
  dependencies:
    cross-fetch "^3.0.0"
    url-parse "^1.4.7"

"@iota/kerl@^1.0.0-beta.21":
  version "1.0.0-beta.21"
  resolved "https://registry.yarnpkg.com/@iota/kerl/-/kerl-1.0.0-beta.21.tgz#8e8760056af469af5fc4239411d270ae7187a10d"
  integrity sha512-JzarmedEpLvs8ZlA37FqaOcU6rJIiSJbEjkJMZiDm3ZWcAgqcnzfEqyT3RDn2capPsQ3maiVgL60oFueizMbNQ==
  dependencies:
    "@types/crypto-js" "^3.1.38"
    crypto-js "^3.1.9-1"

"@iota/mam@^0.7.3":
  version "0.7.3"
  resolved "https://registry.yarnpkg.com/@iota/mam/-/mam-0.7.3.tgz#7666b0bd7aeefd0bc8b11c72304e9351345124f3"
  integrity sha512-KGwqX/RReh5iOd2jjTs63KHOBfGLqwSSkhI0KPMBVaX7UxZzeoyg9FCLNYiVNlGjBc29mJtaBDnawazesJENjg==
  dependencies:
    "@iota/converter" "^1.0.0-beta.12"
    "@iota/core" "^1.0.0-beta.12"
    "@iota/curl" "^1.0.0-beta.12"

"@iota/pad@^1.0.0-beta.19":
  version "1.0.0-beta.19"
  resolved "https://registry.yarnpkg.com/@iota/pad/-/pad-1.0.0-beta.19.tgz#ffe39ebf149bf310222680bafbca68c536758d16"
  integrity sha512-J82UxKK3d5x6bxDKzi3qgRpy/NxCXbuDprC3ar225ahwtt1Qd0srQY3ZN6GjCAtV9/bFe7EysXqGcQnumfECBQ==

"@iota/signing@^1.0.0-beta.21":
  version "1.0.0-beta.21"
  resolved "https://registry.yarnpkg.com/@iota/signing/-/signing-1.0.0-beta.21.tgz#88d587dd48853235a5ebb6c2edeb181ea890c1c9"
  integrity sha512-LATQAcXYoOzPGg3NlrSU6taKkM3PJgc/fkzxh8sPjWGXvOnFzODiU3Y3Gq3pjjGvZTAYx6KQfUVJSBjea8wXLw==
  dependencies:
    "@iota/converter" "^1.0.0-beta.21"
    "@iota/kerl" "^1.0.0-beta.21"
    "@iota/pad" "^1.0.0-beta.19"

"@iota/transaction-converter@^1.0.0-beta.21":
  version "1.0.0-beta.21"
  resolved "https://registry.yarnpkg.com/@iota/transaction-converter/-/transaction-converter-1.0.0-beta.21.tgz#e922cf83cc2028b7a5bc0626c86981bd76ee0a21"
  integrity sha512-Q0d9Wq9gm2u+QpTgGpfrjFGkA4rm1XxVm8HCV61DqHuSYxPWL8tSAyKlo6hQH50LQi4UPSiEVq/VPLSZpRYaIQ==
  dependencies:
    "@iota/converter" "^1.0.0-beta.21"
    "@iota/pad" "^1.0.0-beta.19"
    "@iota/transaction" "^1.0.0-beta.21"

"@iota/transaction@^1.0.0-beta.21":
  version "1.0.0-beta.21"
  resolved "https://registry.yarnpkg.com/@iota/transaction/-/transaction-1.0.0-beta.21.tgz#09e316f94df098c7466cac6a7c34541db46942fc"
  integrity sha512-dtVjDMq8N0l6fVjgyMrkVkhg376Ce1ONG6oBREPE37/l3aWpPbf8z3lAgagCpGyDbfN1TXITllsU1tqXZb25vA==
  dependencies:
    "@iota/converter" "^1.0.0-beta.21"
    "@iota/curl" "^1.0.0-beta.19"
    "@iota/kerl" "^1.0.0-beta.21"
    "@iota/signing" "^1.0.0-beta.21"
    "@types/warning" "^3.0.0"
    warning "^4.0.3"

"@types/crypto-js@^3.1.38":
  version "3.1.43"
  resolved "https://registry.yarnpkg.com/@types/crypto-js/-/crypto-js-3.1.43.tgz#b859347d6289ba13e347c335a4c9efa63337a748"
  integrity sha512-EHe/YKctU3IYNBsDmSOPX/7jLHPRlx8WaiDKSY9JCTnJ8XJeM4c0ZJvx+9Gxmr2s2ihI92R+3U/gNL1sq5oRuQ==

"@types/warning@^3.0.0":
  version "3.0.0"
  resolved "https://registry.yarnpkg.com/@types/warning/-/warning-3.0.0.tgz#0d2501268ad8f9962b740d387c4654f5f8e23e52"
  integrity sha1-DSUBJorY+ZYrdA04fEZU9fjiPlI=

bluebird@^3.5.5:
  version "3.7.0"
  resolved "https://registry.yarnpkg.com/bluebird/-/bluebird-3.7.0.tgz#56a6a886e03f6ae577cffedeb524f8f2450293cf"
  integrity sha512-aBQ1FxIa7kSWCcmKHlcHFlT2jt6J/l4FzC7KcPELkOJOsPOb/bccdhmIrKDfXhwFrmc7vDoDrrepFvGqjyXGJg==

core-js@^3.1.4:
  version "3.2.1"
  resolved "https://registry.yarnpkg.com/core-js/-/core-js-3.2.1.tgz#cd41f38534da6cc59f7db050fe67307de9868b09"
  integrity sha512-Qa5XSVefSVPRxy2XfUC13WbvqkxhkwB3ve+pgCQveNgYzbM/UxZeu1dcOX/xr4UmfUd+muuvsaxilQzCyUurMw==

cross-fetch@^3.0.0:
  version "3.0.4"
  resolved "https://registry.yarnpkg.com/cross-fetch/-/cross-fetch-3.0.4.tgz#7bef7020207e684a7638ef5f2f698e24d9eb283c"
  integrity sha512-MSHgpjQqgbT/94D4CyADeNoYh52zMkCX4pcJvPP5WqPsLFMKjr2TCMg381ox5qI0ii2dPwaLx/00477knXqXVw==
  dependencies:
    node-fetch "2.6.0"
    whatwg-fetch "3.0.0"

crypto-js@^3.1.9-1:
  version "3.1.9-1"
  resolved "https://registry.yarnpkg.com/crypto-js/-/crypto-js-3.1.9-1.tgz#fda19e761fc077e01ffbfdc6e9fdfc59e8806cd8"
  integrity sha1-/aGedh/Ad+Af+/3G6f38WeiAbNg=

"js-tokens@^3.0.0 || ^4.0.0":
  version "4.0.0"
  resolved "https://registry.yarnpkg.com/js-tokens/-/js-tokens-4.0.0.tgz#19203fb59991df98e3a287050d4647cdeaf32499"
  integrity sha512-RdJUflcE3cUzKiMqQgsCu06FPu9UdIJO0beYbPhHN4k6apgJtifcoCtT9bcxOpYBtpD2kCM6Sbzg4CausW/PKQ==

loose-envify@^1.0.0:
  version "1.4.0"
  resolved "https://registry.yarnpkg.com/loose-envify/-/loose-envify-1.4.0.tgz#71ee51fa7be4caec1a63839f7e682d8132d30caf"
  integrity sha512-lyuxPGr/Wfhrlem2CL/UcnUc1zcqKAImBDzukY7Y5F/yQiNdko6+fRLevlw1HgMySw7f611UIY408EtxRSoK3Q==
  dependencies:
    js-tokens "^3.0.0 || ^4.0.0"

node-fetch@2.6.0:
  version "2.6.0"
  resolved "https://registry.yarnpkg.com/node-fetch/-/node-fetch-2.6.0.tgz#e633456386d4aa55863f676a7ab0daa8fdecb0fd"
  integrity sha512-8dG4H5ujfvFiqDmVu9fQ5bOHUC15JMjMY/Zumv26oOvvVJjM67KF8koCWIabKQ1GJIa9r2mMZscBq/TbdOcmNA==

querystringify@^2.1.1:
  version "2.2.0"
  resolved "https://registry.yarnpkg.com/querystringify/-/querystringify-2.2.0.tgz#3345941b4153cb9d082d8eee4cda2016a9aef7f6"
  integrity sha512-FIqgj2EUvTa7R50u0rGsyTftzjYmv/a3hO345bZNrqabNqjtgiDMgmo4mkUjd+nzU5oF3dClKqFIPUKybUyqoQ==

requires-port@^1.0.0:
  version "1.0.0"
  resolved "https://registry.yarnpkg.com/requires-port/-/requires-port-1.0.0.tgz#925d2601d39ac485e091cf0da5c6e694dc3dcaff"
  integrity sha1-kl0mAdOaxIXgkc8NpcbmlNw9yv8=

url-parse@^1.4.7:
  version "1.5.10"
  resolved "https://registry.yarnpkg.com/url-parse/-/url-parse-1.5.10.tgz#9d3c2f736c1d75dd3bd2be507dcc111f1e2ea9c1"
  integrity sha512-WypcfiRhfeUP9vvF0j6rw0J3hrWrw6iZv3+22h6iRMJ/8z1Tj6XfLP4DsUix5MhMPnXpiHDoKyoZ/bdCkwBCiQ==
  dependencies:
    querystringify "^2.1.1"
    requires-port "^1.0.0"

warning@^4.0.3:
  version "4.0.3"
  resolved "https://registry.yarnpkg.com/warning/-/warning-4.0.3.tgz#16e9e077eb8a86d6af7d64aa1e05fd85b4678ca3"
  integrity sha512-rpJyN222KWIvHJ/F53XSZv0Zl/accqHR8et1kpaMTD/fLCRxtV8iX8czMzY7sVZupTI3zcUTg8eycS2kNF9l6w==
  dependencies:
    loose-envify "^1.0.0"

whatwg-fetch@3.0.0:
  version "3.0.0"
  resolved "https://registry.yarnpkg.com/whatwg-fetch/-/whatwg-fetch-3.0.0.tgz#fc804e458cc460009b1a2b966bc8817d2578aefb"
  integrity sha512-9GSJUgz1D4MfyKU7KRqwOjXCXTqWdFNvEr7eUBYchQiVc744mqK/MzXPNR2WsPkmkOa4ywfg8C2n8h+13Bey1Q==
